// !$*UTF8*$!
{
	archiveVersion = 1;
	classes = {
	};
	objectVersion = 56;
	objects = {

/* Begin PBXBuildFile section */
		82155AD029904325004BCF8E /* main.swift in Sources */ = {isa = PBXBuildFile; fileRef = 82155ACF29904325004BCF8E /* main.swift */; };
		82155AD72990450D004BCF8E /* Parsers.swift in Sources */ = {isa = PBXBuildFile; fileRef = 82155AD62990450D004BCF8E /* Parsers.swift */; };
		829DF6FC29916F5F00BA0E67 /* RequestData.swift in Sources */ = {isa = PBXBuildFile; fileRef = 829DF6FB29916F5F00BA0E67 /* RequestData.swift */; };
		829DF6FE299185DE00BA0E67 /* ReceiptParser.swift in Sources */ = {isa = PBXBuildFile; fileRef = 829DF6FD299185DE00BA0E67 /* ReceiptParser.swift */; };
		829DF7002991860D00BA0E67 /* CityParser.swift in Sources */ = {isa = PBXBuildFile; fileRef = 829DF6FF2991860D00BA0E67 /* CityParser.swift */; };
		829DF7022991870300BA0E67 /* Stream.swift in Sources */ = {isa = PBXBuildFile; fileRef = 829DF7012991870300BA0E67 /* Stream.swift */; };
		829DF7052991891D00BA0E67 /* Benchmark in Frameworks */ = {isa = PBXBuildFile; productRef = 829DF7042991891D00BA0E67 /* Benchmark */; };
		829DF70829918BA400BA0E67 /* Benchmark-Copying.swift in Sources */ = {isa = PBXBuildFile; fileRef = 829DF70729918BA400BA0E67 /* Benchmark-Copying.swift */; };
		829DF70A29918E1200BA0E67 /* Benchmark-IntParsing.swift in Sources */ = {isa = PBXBuildFile; fileRef = 829DF70929918E1200BA0E67 /* Benchmark-IntParsing.swift */; };
		829DF70C2991900100BA0E67 /* Benchmarking.swift in Sources */ = {isa = PBXBuildFile; fileRef = 829DF70B2991900100BA0E67 /* Benchmarking.swift */; };
		82C10E3F2995945F00A54B04 /* MarathonRaceParser.swift in Sources */ = {isa = PBXBuildFile; fileRef = 82C10E3E2995945F00A54B04 /* MarathonRaceParser.swift */; };
		82C10E412995954500A54B04 /* Benchmark-Race.swift in Sources */ = {isa = PBXBuildFile; fileRef = 82C10E402995954500A54B04 /* Benchmark-Race.swift */; };
		82C10E432995974B00A54B04 /* MarathonRaceParserUtf8.swift in Sources */ = {isa = PBXBuildFile; fileRef = 82C10E422995974B00A54B04 /* MarathonRaceParserUtf8.swift */; };
/* End PBXBuildFile section */

/* Begin PBXCopyFilesBuildPhase section */
		82155ACA29904325004BCF8E /* CopyFiles */ = {
			isa = PBXCopyFilesBuildPhase;
			buildActionMask = 2147483647;
			dstPath = /usr/share/man/man1/;
			dstSubfolderSpec = 0;
			files = (
			);
			runOnlyForDeploymentPostprocessing = 1;
		};
/* End PBXCopyFilesBuildPhase section */

/* Begin PBXFileReference section */
		82155ACC29904325004BCF8E /* ParsingPerformance */ = {isa = PBXFileReference; explicitFileType = "compiled.mach-o.executable"; includeInIndex = 0; path = ParsingPerformance; sourceTree = BUILT_PRODUCTS_DIR; };
		82155ACF29904325004BCF8E /* main.swift */ = {isa = PBXFileReference; lastKnownFileType = sourcecode.swift; path = main.swift; sourceTree = "<group>"; };
		82155AD62990450D004BCF8E /* Parsers.swift */ = {isa = PBXFileReference; lastKnownFileType = sourcecode.swift; path = Parsers.swift; sourceTree = "<group>"; };
		829DF6FB29916F5F00BA0E67 /* RequestData.swift */ = {isa = PBXFileReference; lastKnownFileType = sourcecode.swift; path = RequestData.swift; sourceTree = "<group>"; };
		829DF6FD299185DE00BA0E67 /* ReceiptParser.swift */ = {isa = PBXFileReference; lastKnownFileType = sourcecode.swift; path = ReceiptParser.swift; sourceTree = "<group>"; };
		829DF6FF2991860D00BA0E67 /* CityParser.swift */ = {isa = PBXFileReference; lastKnownFileType = sourcecode.swift; path = CityParser.swift; sourceTree = "<group>"; };
		829DF7012991870300BA0E67 /* Stream.swift */ = {isa = PBXFileReference; lastKnownFileType = sourcecode.swift; path = Stream.swift; sourceTree = "<group>"; };
		829DF70729918BA400BA0E67 /* Benchmark-Copying.swift */ = {isa = PBXFileReference; lastKnownFileType = sourcecode.swift; path = "Benchmark-Copying.swift"; sourceTree = "<group>"; };
		829DF70929918E1200BA0E67 /* Benchmark-IntParsing.swift */ = {isa = PBXFileReference; lastKnownFileType = sourcecode.swift; path = "Benchmark-IntParsing.swift"; sourceTree = "<group>"; };
		829DF70B2991900100BA0E67 /* Benchmarking.swift */ = {isa = PBXFileReference; lastKnownFileType = sourcecode.swift; path = Benchmarking.swift; sourceTree = "<group>"; };
		82C10E3E2995945F00A54B04 /* MarathonRaceParser.swift */ = {isa = PBXFileReference; lastKnownFileType = sourcecode.swift; path = MarathonRaceParser.swift; sourceTree = "<group>"; };
		82C10E402995954500A54B04 /* Benchmark-Race.swift */ = {isa = PBXFileReference; lastKnownFileType = sourcecode.swift; path = "Benchmark-Race.swift"; sourceTree = "<group>"; };
		82C10E422995974B00A54B04 /* MarathonRaceParserUtf8.swift */ = {isa = PBXFileReference; lastKnownFileType = sourcecode.swift; path = MarathonRaceParserUtf8.swift; sourceTree = "<group>"; };
/* End PBXFileReference section */

/* Begin PBXFrameworksBuildPhase section */
		82155AC929904325004BCF8E /* Frameworks */ = {
			isa = PBXFrameworksBuildPhase;
			buildActionMask = 2147483647;
			files = (
				829DF7052991891D00BA0E67 /* Benchmark in Frameworks */,
			);
			runOnlyForDeploymentPostprocessing = 0;
		};
/* End PBXFrameworksBuildPhase section */

/* Begin PBXGroup section */
		82155AC329904325004BCF8E = {
			isa = PBXGroup;
			children = (
				82155ACE29904325004BCF8E /* ParsingPerformance */,
				82155ACD29904325004BCF8E /* Products */,
			);
			sourceTree = "<group>";
		};
		82155ACD29904325004BCF8E /* Products */ = {
			isa = PBXGroup;
			children = (
				82155ACC29904325004BCF8E /* ParsingPerformance */,
			);
			name = Products;
			sourceTree = "<group>";
		};
		82155ACE29904325004BCF8E /* ParsingPerformance */ = {
			isa = PBXGroup;
			children = (
				829DF70629918B9000BA0E67 /* Benchmarks */,
				829DF6FA29916EE200BA0E67 /* Parsers */,
				82155ACF29904325004BCF8E /* main.swift */,
			);
			path = ParsingPerformance;
			sourceTree = "<group>";
		};
		829DF6FA29916EE200BA0E67 /* Parsers */ = {
			isa = PBXGroup;
			children = (
				82155AD62990450D004BCF8E /* Parsers.swift */,
				829DF6FB29916F5F00BA0E67 /* RequestData.swift */,
				829DF6FD299185DE00BA0E67 /* ReceiptParser.swift */,
				829DF6FF2991860D00BA0E67 /* CityParser.swift */,
				829DF7012991870300BA0E67 /* Stream.swift */,
				82C10E3E2995945F00A54B04 /* MarathonRaceParser.swift */,
				82C10E422995974B00A54B04 /* MarathonRaceParserUtf8.swift */,
			);
			path = Parsers;
			sourceTree = "<group>";
		};
		829DF70629918B9000BA0E67 /* Benchmarks */ = {
			isa = PBXGroup;
			children = (
				829DF70729918BA400BA0E67 /* Benchmark-Copying.swift */,
				829DF70929918E1200BA0E67 /* Benchmark-IntParsing.swift */,
				829DF70B2991900100BA0E67 /* Benchmarking.swift */,
				82C10E402995954500A54B04 /* Benchmark-Race.swift */,
			);
			path = Benchmarks;
			sourceTree = "<group>";
		};
/* End PBXGroup section */

/* Begin PBXNativeTarget section */
		82155ACB29904325004BCF8E /* ParsingPerformance */ = {
			isa = PBXNativeTarget;
			buildConfigurationList = 82155AD329904325004BCF8E /* Build configuration list for PBXNativeTarget "ParsingPerformance" */;
			buildPhases = (
				82155AC829904325004BCF8E /* Sources */,
				82155AC929904325004BCF8E /* Frameworks */,
				82155ACA29904325004BCF8E /* CopyFiles */,
			);
			buildRules = (
			);
			dependencies = (
			);
			name = ParsingPerformance;
			packageProductDependencies = (
				829DF7042991891D00BA0E67 /* Benchmark */,
			);
			productName = stdin;
			productReference = 82155ACC29904325004BCF8E /* ParsingPerformance */;
			productType = "com.apple.product-type.tool";
		};
/* End PBXNativeTarget section */

/* Begin PBXProject section */
		82155AC429904325004BCF8E /* Project object */ = {
			isa = PBXProject;
			attributes = {
				BuildIndependentTargetsInParallel = 1;
				LastSwiftUpdateCheck = 1420;
				LastUpgradeCheck = 1420;
				TargetAttributes = {
					82155ACB29904325004BCF8E = {
						CreatedOnToolsVersion = 14.2;
					};
				};
			};
			buildConfigurationList = 82155AC729904325004BCF8E /* Build configuration list for PBXProject "ParsingPerformance" */;
			compatibilityVersion = "Xcode 14.0";
			developmentRegion = en;
			hasScannedForEncodings = 0;
			knownRegions = (
				en,
				Base,
			);
			mainGroup = 82155AC329904325004BCF8E;
			packageReferences = (
				829DF7032991891D00BA0E67 /* XCRemoteSwiftPackageReference "swift-benchmark" */,
			);
			productRefGroup = 82155ACD29904325004BCF8E /* Products */;
			projectDirPath = "";
			projectRoot = "";
			targets = (
				82155ACB29904325004BCF8E /* ParsingPerformance */,
			);
		};
/* End PBXProject section */

/* Begin PBXSourcesBuildPhase section */
		82155AC829904325004BCF8E /* Sources */ = {
			isa = PBXSourcesBuildPhase;
			buildActionMask = 2147483647;
			files = (
				829DF6FC29916F5F00BA0E67 /* RequestData.swift in Sources */,
				829DF7022991870300BA0E67 /* Stream.swift in Sources */,
				82155AD029904325004BCF8E /* main.swift in Sources */,
				82155AD72990450D004BCF8E /* Parsers.swift in Sources */,
				829DF70A29918E1200BA0E67 /* Benchmark-IntParsing.swift in Sources */,
				829DF6FE299185DE00BA0E67 /* ReceiptParser.swift in Sources */,
				829DF70C2991900100BA0E67 /* Benchmarking.swift in Sources */,
				82C10E412995954500A54B04 /* Benchmark-Race.swift in Sources */,
				82C10E432995974B00A54B04 /* MarathonRaceParserUtf8.swift in Sources */,
				82C10E3F2995945F00A54B04 /* MarathonRaceParser.swift in Sources */,
				829DF70829918BA400BA0E67 /* Benchmark-Copying.swift in Sources */,
				829DF7002991860D00BA0E67 /* CityParser.swift in Sources */,
			);
			runOnlyForDeploymentPostprocessing = 0;
		};
/* End PBXSourcesBuildPhase section */

/* Begin XCBuildConfiguration section */
		82155AD129904325004BCF8E /* Debug */ = {
			isa = XCBuildConfiguration;
			buildSettings = {
				ALWAYS_SEARCH_USER_PATHS = NO;
				CLANG_ANALYZER_NONNULL = YES;
				CLANG_ANALYZER_NUMBER_OBJECT_CONVERSION = YES_AGGRESSIVE;
				CLANG_CXX_LANGUAGE_STANDARD = "gnu++20";
				CLANG_ENABLE_MODULES = YES;
				CLANG_ENABLE_OBJC_ARC = YES;
				CLANG_ENABLE_OBJC_WEAK = YES;
				CLANG_WARN_BLOCK_CAPTURE_AUTORELEASING = YES;
				CLANG_WARN_BOOL_CONVERSION = YES;
				CLANG_WARN_COMMA = YES;
				CLANG_WARN_CONSTANT_CONVERSION = YES;
				CLANG_WARN_DEPRECATED_OBJC_IMPLEMENTATIONS = YES;
				CLANG_WARN_DIRECT_OBJC_ISA_USAGE = YES_ERROR;
				CLANG_WARN_DOCUMENTATION_COMMENTS = YES;
				CLANG_WARN_EMPTY_BODY = YES;
				CLANG_WARN_ENUM_CONVERSION = YES;
				CLANG_WARN_INFINITE_RECURSION = YES;
				CLANG_WARN_INT_CONVERSION = YES;
				CLANG_WARN_NON_LITERAL_NULL_CONVERSION = YES;
				CLANG_WARN_OBJC_IMPLICIT_RETAIN_SELF = YES;
				CLANG_WARN_OBJC_LITERAL_CONVERSION = YES;
				CLANG_WARN_OBJC_ROOT_CLASS = YES_ERROR;
				CLANG_WARN_QUOTED_INCLUDE_IN_FRAMEWORK_HEADER = YES;
				CLANG_WARN_RANGE_LOOP_ANALYSIS = YES;
				CLANG_WARN_STRICT_PROTOTYPES = YES;
				CLANG_WARN_SUSPICIOUS_MOVE = YES;
				CLANG_WARN_UNGUARDED_AVAILABILITY = YES_AGGRESSIVE;
				CLANG_WARN_UNREACHABLE_CODE = YES;
				CLANG_WARN__DUPLICATE_METHOD_MATCH = YES;
				COPY_PHASE_STRIP = NO;
				DEBUG_INFORMATION_FORMAT = dwarf;
				ENABLE_STRICT_OBJC_MSGSEND = YES;
				ENABLE_TESTABILITY = YES;
				GCC_C_LANGUAGE_STANDARD = gnu11;
				GCC_DYNAMIC_NO_PIC = NO;
				GCC_NO_COMMON_BLOCKS = YES;
				GCC_OPTIMIZATION_LEVEL = 0;
				GCC_PREPROCESSOR_DEFINITIONS = (
					"DEBUG=1",
					"$(inherited)",
				);
				GCC_WARN_64_TO_32_BIT_CONVERSION = YES;
				GCC_WARN_ABOUT_RETURN_TYPE = YES_ERROR;
				GCC_WARN_UNDECLARED_SELECTOR = YES;
				GCC_WARN_UNINITIALIZED_AUTOS = YES_AGGRESSIVE;
				GCC_WARN_UNUSED_FUNCTION = YES;
				GCC_WARN_UNUSED_VARIABLE = YES;
				MACOSX_DEPLOYMENT_TARGET = 13.0;
				MTL_ENABLE_DEBUG_INFO = INCLUDE_SOURCE;
				MTL_FAST_MATH = YES;
				ONLY_ACTIVE_ARCH = YES;
				SDKROOT = macosx;
				SWIFT_ACTIVE_COMPILATION_CONDITIONS = DEBUG;
				SWIFT_OPTIMIZATION_LEVEL = "-Onone";
			};
			name = Debug;
		};
		82155AD229904325004BCF8E /* Release */ = {
			isa = XCBuildConfiguration;
			buildSettings = {
				ALWAYS_SEARCH_USER_PATHS = NO;
				CLANG_ANALYZER_NONNULL = YES;
				CLANG_ANALYZER_NUMBER_OBJECT_CONVERSION = YES_AGGRESSIVE;
				CLANG_CXX_LANGUAGE_STANDARD = "gnu++20";
				CLANG_ENABLE_MODULES = YES;
				CLANG_ENABLE_OBJC_ARC = YES;
				CLANG_ENABLE_OBJC_WEAK = YES;
				CLANG_WARN_BLOCK_CAPTURE_AUTORELEASING = YES;
				CLANG_WARN_BOOL_CONVERSION = YES;
				CLANG_WARN_COMMA = YES;
				CLANG_WARN_CONSTANT_CONVERSION = YES;
				CLANG_WARN_DEPRECATED_OBJC_IMPLEMENTATIONS = YES;
				CLANG_WARN_DIRECT_OBJC_ISA_USAGE = YES_ERROR;
				CLANG_WARN_DOCUMENTATION_COMMENTS = YES;
				CLANG_WARN_EMPTY_BODY = YES;
				CLANG_WARN_ENUM_CONVERSION = YES;
				CLANG_WARN_INFINITE_RECURSION = YES;
				CLANG_WARN_INT_CONVERSION = YES;
				CLANG_WARN_NON_LITERAL_NULL_CONVERSION = YES;
				CLANG_WARN_OBJC_IMPLICIT_RETAIN_SELF = YES;
				CLANG_WARN_OBJC_LITERAL_CONVERSION = YES;
				CLANG_WARN_OBJC_ROOT_CLASS = YES_ERROR;
				CLANG_WARN_QUOTED_INCLUDE_IN_FRAMEWORK_HEADER = YES;
				CLANG_WARN_RANGE_LOOP_ANALYSIS = YES;
				CLANG_WARN_STRICT_PROTOTYPES = YES;
				CLANG_WARN_SUSPICIOUS_MOVE = YES;
				CLANG_WARN_UNGUARDED_AVAILABILITY = YES_AGGRESSIVE;
				CLANG_WARN_UNREACHABLE_CODE = YES;
				CLANG_WARN__DUPLICATE_METHOD_MATCH = YES;
				COPY_PHASE_STRIP = NO;
				DEBUG_INFORMATION_FORMAT = "dwarf-with-dsym";
				ENABLE_NS_ASSERTIONS = NO;
				ENABLE_STRICT_OBJC_MSGSEND = YES;
				GCC_C_LANGUAGE_STANDARD = gnu11;
				GCC_NO_COMMON_BLOCKS = YES;
				GCC_WARN_64_TO_32_BIT_CONVERSION = YES;
				GCC_WARN_ABOUT_RETURN_TYPE = YES_ERROR;
				GCC_WARN_UNDECLARED_SELECTOR = YES;
				GCC_WARN_UNINITIALIZED_AUTOS = YES_AGGRESSIVE;
				GCC_WARN_UNUSED_FUNCTION = YES;
				GCC_WARN_UNUSED_VARIABLE = YES;
				MACOSX_DEPLOYMENT_TARGET = 13.0;
				MTL_ENABLE_DEBUG_INFO = NO;
				MTL_FAST_MATH = YES;
				SDKROOT = macosx;
				SWIFT_COMPILATION_MODE = wholemodule;
				SWIFT_OPTIMIZATION_LEVEL = "-O";
			};
			name = Release;
		};
		82155AD429904325004BCF8E /* Debug */ = {
			isa = XCBuildConfiguration;
			buildSettings = {
				CODE_SIGN_STYLE = Automatic;
				DEVELOPMENT_TEAM = N37DY79DRF;
				ENABLE_HARDENED_RUNTIME = YES;
				PRODUCT_NAME = "$(TARGET_NAME)";
				SWIFT_VERSION = 5.0;
			};
			name = Debug;
		};
		82155AD529904325004BCF8E /* Release */ = {
			isa = XCBuildConfiguration;
			buildSettings = {
				CODE_SIGN_STYLE = Automatic;
				DEVELOPMENT_TEAM = N37DY79DRF;
				ENABLE_HARDENED_RUNTIME = YES;
				PRODUCT_NAME = "$(TARGET_NAME)";
				SWIFT_VERSION = 5.0;
			};
			name = Release;
		};
/* End XCBuildConfiguration section */

/* Begin XCConfigurationList section */
		82155AC729904325004BCF8E /* Build configuration list for PBXProject "ParsingPerformance" */ = {
			isa = XCConfigurationList;
			buildConfigurations = (
				82155AD129904325004BCF8E /* Debug */,
				82155AD229904325004BCF8E /* Release */,
			);
			defaultConfigurationIsVisible = 0;
			defaultConfigurationName = Release;
		};
		82155AD329904325004BCF8E /* Build configuration list for PBXNativeTarget "ParsingPerformance" */ = {
			isa = XCConfigurationList;
			buildConfigurations = (
				82155AD429904325004BCF8E /* Debug */,
				82155AD529904325004BCF8E /* Release */,
			);
			defaultConfigurationIsVisible = 0;
			defaultConfigurationName = Release;
		};
/* End XCConfigurationList section */

/* Begin XCRemoteSwiftPackageReference section */
		829DF7032991891D00BA0E67 /* XCRemoteSwiftPackageReference "swift-benchmark" */ = {
			isa = XCRemoteSwiftPackageReference;
			repositoryURL = "https://github.com/google/swift-benchmark";
			requirement = {
				kind = upToNextMajorVersion;
				minimumVersion = 0.1.2;
			};
		};
/* End XCRemoteSwiftPackageReference section */

/* Begin XCSwiftPackageProductDependency section */
		829DF7042991891D00BA0E67 /* Benchmark */ = {
			isa = XCSwiftPackageProductDependency;
			package = 829DF7032991891D00BA0E67 /* XCRemoteSwiftPackageReference "swift-benchmark" */;
			productName = Benchmark;
		};
/* End XCSwiftPackageProductDependency section */
	};
	rootObject = 82155AC429904325004BCF8E /* Project object */;
}
