// !$*UTF8*$!
{
	archiveVersion = 1;
	classes = {
	};
	objectVersion = 56;
	objects = {

/* Begin PBXBuildFile section */
		82155AC229903E95004BCF8E /* Parsing in Frameworks */ = {isa = PBXBuildFile; productRef = 82155AC129903E95004BCF8E /* Parsing */; };
		826CD7422A1BD98100413306 /* LikVision in Frameworks */ = {isa = PBXBuildFile; productRef = 826CD7412A1BD98100413306 /* LikVision */; };
		8297090A297D52FF00D70871 /* CGFloat.swift in Sources */ = {isa = PBXBuildFile; fileRef = 82970909297D52FF00D70871 /* CGFloat.swift */; };
		8297090E297D54AE00D70871 /* CustomWords.swift in Sources */ = {isa = PBXBuildFile; fileRef = 8297090D297D54AE00D70871 /* CustomWords.swift */; };
		82970910297D61D100D70871 /* Array.swift in Sources */ = {isa = PBXBuildFile; fileRef = 8297090F297D61D100D70871 /* Array.swift */; };
		82970914297D626400D70871 /* Receipt.swift in Sources */ = {isa = PBXBuildFile; fileRef = 82970913297D626400D70871 /* Receipt.swift */; };
		82970916297D62BA00D70871 /* Product.swift in Sources */ = {isa = PBXBuildFile; fileRef = 82970915297D62BA00D70871 /* Product.swift */; };
		8297091C297D728500D70871 /* ReceiptView.swift in Sources */ = {isa = PBXBuildFile; fileRef = 8297091B297D728500D70871 /* ReceiptView.swift */; };
		8297091E297DE0FA00D70871 /* DateFormatter.swift in Sources */ = {isa = PBXBuildFile; fileRef = 8297091D297DE0F900D70871 /* DateFormatter.swift */; };
		829CA1E129926F860090779E /* AddButton.swift in Sources */ = {isa = PBXBuildFile; fileRef = 829CA1E029926F860090779E /* AddButton.swift */; };
		829DF7102991B1AD00BA0E67 /* Color.swift in Sources */ = {isa = PBXBuildFile; fileRef = 829DF70F2991B1AD00BA0E67 /* Color.swift */; };
		829DF7162991B32600BA0E67 /* Baskerville.ttc in Resources */ = {isa = PBXBuildFile; fileRef = 829DF7152991B32600BA0E67 /* Baskerville.ttc */; };
		829DF71929924E1200BA0E67 /* Font.swift in Sources */ = {isa = PBXBuildFile; fileRef = 829DF71829924E1200BA0E67 /* Font.swift */; };
		829EC2112973112B002D0CA0 /* AppViewModel.swift in Sources */ = {isa = PBXBuildFile; fileRef = 829EC2102973112B002D0CA0 /* AppViewModel.swift */; };
		829EC21329731769002D0CA0 /* DataScannerView.swift in Sources */ = {isa = PBXBuildFile; fileRef = 829EC21229731769002D0CA0 /* DataScannerView.swift */; };
		829EC21529731EC8002D0CA0 /* DocumentCameraView.swift in Sources */ = {isa = PBXBuildFile; fileRef = 829EC21429731EC8002D0CA0 /* DocumentCameraView.swift */; };
		82A01EAE298D98710013B40F /* RootScreen.swift in Sources */ = {isa = PBXBuildFile; fileRef = 82A01EAD298D98710013B40F /* RootScreen.swift */; };
		82A19AFE2A17795700EBC4CA /* RootViewModel.swift in Sources */ = {isa = PBXBuildFile; fileRef = 82A19AFD2A17795700EBC4CA /* RootViewModel.swift */; };
		82A39D5A2972E327004F6267 /* LikApp.swift in Sources */ = {isa = PBXBuildFile; fileRef = 82A39D592972E327004F6267 /* LikApp.swift */; };
		82A39D5E2972E32C004F6267 /* Assets.xcassets in Resources */ = {isa = PBXBuildFile; fileRef = 82A39D5D2972E32C004F6267 /* Assets.xcassets */; };
		82A39D612972E32C004F6267 /* Preview Assets.xcassets in Resources */ = {isa = PBXBuildFile; fileRef = 82A39D602972E32C004F6267 /* Preview Assets.xcassets */; };
/* End PBXBuildFile section */

/* Begin PBXFileReference section */
		826CD7402A1BD49400413306 /* LikVision */ = {isa = PBXFileReference; lastKnownFileType = wrapper; name = LikVision; path = ../LikVision; sourceTree = "<group>"; };
		82970909297D52FF00D70871 /* CGFloat.swift */ = {isa = PBXFileReference; lastKnownFileType = sourcecode.swift; path = CGFloat.swift; sourceTree = "<group>"; };
		8297090D297D54AE00D70871 /* CustomWords.swift */ = {isa = PBXFileReference; lastKnownFileType = sourcecode.swift; path = CustomWords.swift; sourceTree = "<group>"; };
		8297090F297D61D100D70871 /* Array.swift */ = {isa = PBXFileReference; lastKnownFileType = sourcecode.swift; path = Array.swift; sourceTree = "<group>"; };
		82970913297D626400D70871 /* Receipt.swift */ = {isa = PBXFileReference; lastKnownFileType = sourcecode.swift; path = Receipt.swift; sourceTree = "<group>"; };
		82970915297D62BA00D70871 /* Product.swift */ = {isa = PBXFileReference; lastKnownFileType = sourcecode.swift; path = Product.swift; sourceTree = "<group>"; };
		8297091B297D728500D70871 /* ReceiptView.swift */ = {isa = PBXFileReference; lastKnownFileType = sourcecode.swift; path = ReceiptView.swift; sourceTree = "<group>"; };
		8297091D297DE0F900D70871 /* DateFormatter.swift */ = {isa = PBXFileReference; lastKnownFileType = sourcecode.swift; path = DateFormatter.swift; sourceTree = "<group>"; };
		829CA1E029926F860090779E /* AddButton.swift */ = {isa = PBXFileReference; lastKnownFileType = sourcecode.swift; path = AddButton.swift; sourceTree = "<group>"; };
		829DF70F2991B1AD00BA0E67 /* Color.swift */ = {isa = PBXFileReference; lastKnownFileType = sourcecode.swift; path = Color.swift; sourceTree = "<group>"; };
		829DF7152991B32600BA0E67 /* Baskerville.ttc */ = {isa = PBXFileReference; lastKnownFileType = file; path = Baskerville.ttc; sourceTree = "<group>"; };
		829DF7172991B34600BA0E67 /* Info.plist */ = {isa = PBXFileReference; lastKnownFileType = text.plist; path = Info.plist; sourceTree = "<group>"; };
		829DF71829924E1200BA0E67 /* Font.swift */ = {isa = PBXFileReference; lastKnownFileType = sourcecode.swift; path = Font.swift; sourceTree = "<group>"; };
		829EC2102973112B002D0CA0 /* AppViewModel.swift */ = {isa = PBXFileReference; lastKnownFileType = sourcecode.swift; path = AppViewModel.swift; sourceTree = "<group>"; };
		829EC21229731769002D0CA0 /* DataScannerView.swift */ = {isa = PBXFileReference; lastKnownFileType = sourcecode.swift; path = DataScannerView.swift; sourceTree = "<group>"; };
		829EC21429731EC8002D0CA0 /* DocumentCameraView.swift */ = {isa = PBXFileReference; lastKnownFileType = sourcecode.swift; path = DocumentCameraView.swift; sourceTree = "<group>"; };
		82A01EAD298D98710013B40F /* RootScreen.swift */ = {isa = PBXFileReference; lastKnownFileType = sourcecode.swift; path = RootScreen.swift; sourceTree = "<group>"; };
		82A19AFD2A17795700EBC4CA /* RootViewModel.swift */ = {isa = PBXFileReference; lastKnownFileType = sourcecode.swift; path = RootViewModel.swift; sourceTree = "<group>"; };
		82A39D562972E327004F6267 /* Lik.app */ = {isa = PBXFileReference; explicitFileType = wrapper.application; includeInIndex = 0; path = Lik.app; sourceTree = BUILT_PRODUCTS_DIR; };
		82A39D592972E327004F6267 /* LikApp.swift */ = {isa = PBXFileReference; lastKnownFileType = sourcecode.swift; path = LikApp.swift; sourceTree = "<group>"; };
		82A39D5D2972E32C004F6267 /* Assets.xcassets */ = {isa = PBXFileReference; lastKnownFileType = folder.assetcatalog; path = Assets.xcassets; sourceTree = "<group>"; };
		82A39D602972E32C004F6267 /* Preview Assets.xcassets */ = {isa = PBXFileReference; lastKnownFileType = folder.assetcatalog; path = "Preview Assets.xcassets"; sourceTree = "<group>"; };
		82A9D27F298DDA6A00A111AF /* XCTest.framework */ = {isa = PBXFileReference; lastKnownFileType = wrapper.framework; name = XCTest.framework; path = Platforms/iPhoneOS.platform/Developer/Library/Frameworks/XCTest.framework; sourceTree = DEVELOPER_DIR; };
/* End PBXFileReference section */

/* Begin PBXFrameworksBuildPhase section */
		82A39D532972E327004F6267 /* Frameworks */ = {
			isa = PBXFrameworksBuildPhase;
			buildActionMask = 2147483647;
			files = (
				82155AC229903E95004BCF8E /* Parsing in Frameworks */,
				826CD7422A1BD98100413306 /* LikVision in Frameworks */,
			);
			runOnlyForDeploymentPostprocessing = 0;
		};
/* End PBXFrameworksBuildPhase section */

/* Begin PBXGroup section */
		826CD73F2A1BD49400413306 /* Packages */ = {
			isa = PBXGroup;
			children = (
				826CD7402A1BD49400413306 /* LikVision */,
			);
			name = Packages;
			sourceTree = "<group>";
		};
		82970907297D52D500D70871 /* Common */ = {
			isa = PBXGroup;
			children = (
				8297090B297D543400D70871 /* CustomViews */,
				82970908297D52DB00D70871 /* Extenssions */,
			);
			path = Common;
			sourceTree = "<group>";
		};
		82970908297D52DB00D70871 /* Extenssions */ = {
			isa = PBXGroup;
			children = (
				829DF70E2991B19200BA0E67 /* UI */,
				829DF70D2991B18700BA0E67 /* Foundation */,
			);
			path = Extenssions;
			sourceTree = "<group>";
		};
		8297090B297D543400D70871 /* CustomViews */ = {
			isa = PBXGroup;
			children = (
				829EC21229731769002D0CA0 /* DataScannerView.swift */,
				829EC21429731EC8002D0CA0 /* DocumentCameraView.swift */,
				8297091B297D728500D70871 /* ReceiptView.swift */,
				829CA1E029926F860090779E /* AddButton.swift */,
			);
			path = CustomViews;
			sourceTree = "<group>";
		};
		8297090C297D545700D70871 /* Services */ = {
			isa = PBXGroup;
			children = (
				829EC2102973112B002D0CA0 /* AppViewModel.swift */,
				8297090D297D54AE00D70871 /* CustomWords.swift */,
			);
			path = Services;
			sourceTree = "<group>";
		};
		82970911297D624900D70871 /* Domain */ = {
			isa = PBXGroup;
			children = (
				82970912297D624F00D70871 /* Models */,
			);
			path = Domain;
			sourceTree = "<group>";
		};
		82970912297D624F00D70871 /* Models */ = {
			isa = PBXGroup;
			children = (
				82970913297D626400D70871 /* Receipt.swift */,
				82970915297D62BA00D70871 /* Product.swift */,
			);
			path = Models;
			sourceTree = "<group>";
		};
		829DF70D2991B18700BA0E67 /* Foundation */ = {
			isa = PBXGroup;
			children = (
				8297090F297D61D100D70871 /* Array.swift */,
				8297091D297DE0F900D70871 /* DateFormatter.swift */,
				82970909297D52FF00D70871 /* CGFloat.swift */,
			);
			path = Foundation;
			sourceTree = "<group>";
		};
		829DF70E2991B19200BA0E67 /* UI */ = {
			isa = PBXGroup;
			children = (
				829DF70F2991B1AD00BA0E67 /* Color.swift */,
				829DF71829924E1200BA0E67 /* Font.swift */,
			);
			path = UI;
			sourceTree = "<group>";
		};
		829DF7132991B2FC00BA0E67 /* Resources */ = {
			isa = PBXGroup;
			children = (
				829DF7142991B31400BA0E67 /* Fonts */,
				82A39D5D2972E32C004F6267 /* Assets.xcassets */,
			);
			path = Resources;
			sourceTree = "<group>";
		};
		829DF7142991B31400BA0E67 /* Fonts */ = {
			isa = PBXGroup;
			children = (
				829DF7152991B32600BA0E67 /* Baskerville.ttc */,
			);
			path = Fonts;
			sourceTree = "<group>";
		};
		82A01EA6298D8A290013B40F /* Modules */ = {
			isa = PBXGroup;
			children = (
				82A01EA7298D8A400013B40F /* Root */,
			);
			path = Modules;
			sourceTree = "<group>";
		};
		82A01EA7298D8A400013B40F /* Root */ = {
			isa = PBXGroup;
			children = (
				82A19AFD2A17795700EBC4CA /* RootViewModel.swift */,
				82A01EAD298D98710013B40F /* RootScreen.swift */,
			);
			path = Root;
			sourceTree = "<group>";
		};
		82A39D4D2972E327004F6267 = {
			isa = PBXGroup;
			children = (
				826CD73F2A1BD49400413306 /* Packages */,
				82A39D582972E327004F6267 /* Lik */,
				82A39D572972E327004F6267 /* Products */,
				82A9D27E298DDA6A00A111AF /* Frameworks */,
			);
			sourceTree = "<group>";
		};
		82A39D572972E327004F6267 /* Products */ = {
			isa = PBXGroup;
			children = (
				82A39D562972E327004F6267 /* Lik.app */,
			);
			name = Products;
			sourceTree = "<group>";
		};
		82A39D582972E327004F6267 /* Lik */ = {
			isa = PBXGroup;
			children = (
				829DF7172991B34600BA0E67 /* Info.plist */,
				82A39D592972E327004F6267 /* LikApp.swift */,
				82970907297D52D500D70871 /* Common */,
				8297090C297D545700D70871 /* Services */,
				82970911297D624900D70871 /* Domain */,
				82A01EA6298D8A290013B40F /* Modules */,
				829DF7132991B2FC00BA0E67 /* Resources */,
				82A39D5F2972E32C004F6267 /* Preview Content */,
			);
			path = Lik;
			sourceTree = "<group>";
		};
		82A39D5F2972E32C004F6267 /* Preview Content */ = {
			isa = PBXGroup;
			children = (
				82A39D602972E32C004F6267 /* Preview Assets.xcassets */,
			);
			path = "Preview Content";
			sourceTree = "<group>";
		};
		82A9D27E298DDA6A00A111AF /* Frameworks */ = {
			isa = PBXGroup;
			children = (
				82A9D27F298DDA6A00A111AF /* XCTest.framework */,
			);
			name = Frameworks;
			sourceTree = "<group>";
		};
/* End PBXGroup section */

/* Begin PBXNativeTarget section */
		82A39D552972E327004F6267 /* Lik */ = {
			isa = PBXNativeTarget;
			buildConfigurationList = 82A39D7A2972E32C004F6267 /* Build configuration list for PBXNativeTarget "Lik" */;
			buildPhases = (
				82A39D522972E327004F6267 /* Sources */,
				82A39D532972E327004F6267 /* Frameworks */,
				82A39D542972E327004F6267 /* Resources */,
			);
			buildRules = (
			);
			dependencies = (
			);
			name = Lik;
			packageProductDependencies = (
				82155AC129903E95004BCF8E /* Parsing */,
				826CD7412A1BD98100413306 /* LikVision */,
			);
			productName = ReceiptScanner;
			productReference = 82A39D562972E327004F6267 /* Lik.app */;
			productType = "com.apple.product-type.application";
		};
/* End PBXNativeTarget section */

/* Begin PBXProject section */
		82A39D4E2972E327004F6267 /* Project object */ = {
			isa = PBXProject;
			attributes = {
				BuildIndependentTargetsInParallel = 1;
				LastSwiftUpdateCheck = 1420;
				LastUpgradeCheck = 1420;
				TargetAttributes = {
					82A39D552972E327004F6267 = {
						CreatedOnToolsVersion = 14.2;
					};
				};
			};
			buildConfigurationList = 82A39D512972E327004F6267 /* Build configuration list for PBXProject "Lik" */;
			compatibilityVersion = "Xcode 14.0";
			developmentRegion = en;
			hasScannedForEncodings = 0;
			knownRegions = (
				en,
				Base,
			);
			mainGroup = 82A39D4D2972E327004F6267;
			packageReferences = (
				82155AC029903E95004BCF8E /* XCRemoteSwiftPackageReference "swift-parsing" */,
			);
			productRefGroup = 82A39D572972E327004F6267 /* Products */;
			projectDirPath = "";
			projectRoot = "";
			targets = (
				82A39D552972E327004F6267 /* Lik */,
			);
		};
/* End PBXProject section */

/* Begin PBXResourcesBuildPhase section */
		82A39D542972E327004F6267 /* Resources */ = {
			isa = PBXResourcesBuildPhase;
			buildActionMask = 2147483647;
			files = (
				82A39D612972E32C004F6267 /* Preview Assets.xcassets in Resources */,
				82A39D5E2972E32C004F6267 /* Assets.xcassets in Resources */,
				829DF7162991B32600BA0E67 /* Baskerville.ttc in Resources */,
			);
			runOnlyForDeploymentPostprocessing = 0;
		};
/* End PBXResourcesBuildPhase section */

/* Begin PBXSourcesBuildPhase section */
		82A39D522972E327004F6267 /* Sources */ = {
			isa = PBXSourcesBuildPhase;
			buildActionMask = 2147483647;
			files = (
				82970914297D626400D70871 /* Receipt.swift in Sources */,
				82970910297D61D100D70871 /* Array.swift in Sources */,
				829DF7102991B1AD00BA0E67 /* Color.swift in Sources */,
				8297090A297D52FF00D70871 /* CGFloat.swift in Sources */,
				82970916297D62BA00D70871 /* Product.swift in Sources */,
				82A19AFE2A17795700EBC4CA /* RootViewModel.swift in Sources */,
				82A39D5A2972E327004F6267 /* LikApp.swift in Sources */,
				8297091E297DE0FA00D70871 /* DateFormatter.swift in Sources */,
				829EC21529731EC8002D0CA0 /* DocumentCameraView.swift in Sources */,
				82A01EAE298D98710013B40F /* RootScreen.swift in Sources */,
				829EC2112973112B002D0CA0 /* AppViewModel.swift in Sources */,
				829DF71929924E1200BA0E67 /* Font.swift in Sources */,
				8297091C297D728500D70871 /* ReceiptView.swift in Sources */,
				8297090E297D54AE00D70871 /* CustomWords.swift in Sources */,
				829EC21329731769002D0CA0 /* DataScannerView.swift in Sources */,
				829CA1E129926F860090779E /* AddButton.swift in Sources */,
			);
			runOnlyForDeploymentPostprocessing = 0;
		};
/* End PBXSourcesBuildPhase section */

/* Begin XCBuildConfiguration section */
		82A39D782972E32C004F6267 /* Debug */ = {
			isa = XCBuildConfiguration;
			buildSettings = {
				ALWAYS_SEARCH_USER_PATHS = NO;
				CLANG_ANALYZER_NONNULL = YES;
				CLANG_ANALYZER_NUMBER_OBJECT_CONVERSION = YES_AGGRESSIVE;
				CLANG_CXX_LANGUAGE_STANDARD = "gnu++20";
				CLANG_ENABLE_MODULES = YES;
				CLANG_ENABLE_OBJC_ARC = YES;
				CLANG_ENABLE_OBJC_WEAK = YES;
				CLANG_WARN_BLOCK_CAPTURE_AUTORELEASING = YES;
				CLANG_WARN_BOOL_CONVERSION = YES;
				CLANG_WARN_COMMA = YES;
				CLANG_WARN_CONSTANT_CONVERSION = YES;
				CLANG_WARN_DEPRECATED_OBJC_IMPLEMENTATIONS = YES;
				CLANG_WARN_DIRECT_OBJC_ISA_USAGE = YES_ERROR;
				CLANG_WARN_DOCUMENTATION_COMMENTS = YES;
				CLANG_WARN_EMPTY_BODY = YES;
				CLANG_WARN_ENUM_CONVERSION = YES;
				CLANG_WARN_INFINITE_RECURSION = YES;
				CLANG_WARN_INT_CONVERSION = YES;
				CLANG_WARN_NON_LITERAL_NULL_CONVERSION = YES;
				CLANG_WARN_OBJC_IMPLICIT_RETAIN_SELF = YES;
				CLANG_WARN_OBJC_LITERAL_CONVERSION = YES;
				CLANG_WARN_OBJC_ROOT_CLASS = YES_ERROR;
				CLANG_WARN_QUOTED_INCLUDE_IN_FRAMEWORK_HEADER = YES;
				CLANG_WARN_RANGE_LOOP_ANALYSIS = YES;
				CLANG_WARN_STRICT_PROTOTYPES = YES;
				CLANG_WARN_SUSPICIOUS_MOVE = YES;
				CLANG_WARN_UNGUARDED_AVAILABILITY = YES_AGGRESSIVE;
				CLANG_WARN_UNREACHABLE_CODE = YES;
				CLANG_WARN__DUPLICATE_METHOD_MATCH = YES;
				COPY_PHASE_STRIP = NO;
				DEBUG_INFORMATION_FORMAT = dwarf;
				ENABLE_STRICT_OBJC_MSGSEND = YES;
				ENABLE_TESTABILITY = YES;
				GCC_C_LANGUAGE_STANDARD = gnu11;
				GCC_DYNAMIC_NO_PIC = NO;
				GCC_NO_COMMON_BLOCKS = YES;
				GCC_OPTIMIZATION_LEVEL = 0;
				GCC_PREPROCESSOR_DEFINITIONS = (
					"DEBUG=1",
					"$(inherited)",
				);
				GCC_WARN_64_TO_32_BIT_CONVERSION = YES;
				GCC_WARN_ABOUT_RETURN_TYPE = YES_ERROR;
				GCC_WARN_UNDECLARED_SELECTOR = YES;
				GCC_WARN_UNINITIALIZED_AUTOS = YES_AGGRESSIVE;
				GCC_WARN_UNUSED_FUNCTION = YES;
				GCC_WARN_UNUSED_VARIABLE = YES;
				IPHONEOS_DEPLOYMENT_TARGET = 16.0;
				MTL_ENABLE_DEBUG_INFO = INCLUDE_SOURCE;
				MTL_FAST_MATH = YES;
				ONLY_ACTIVE_ARCH = YES;
				SDKROOT = iphoneos;
				SWIFT_ACTIVE_COMPILATION_CONDITIONS = DEBUG;
				SWIFT_OPTIMIZATION_LEVEL = "-Onone";
			};
			name = Debug;
		};
		82A39D792972E32C004F6267 /* Release */ = {
			isa = XCBuildConfiguration;
			buildSettings = {
				ALWAYS_SEARCH_USER_PATHS = NO;
				CLANG_ANALYZER_NONNULL = YES;
				CLANG_ANALYZER_NUMBER_OBJECT_CONVERSION = YES_AGGRESSIVE;
				CLANG_CXX_LANGUAGE_STANDARD = "gnu++20";
				CLANG_ENABLE_MODULES = YES;
				CLANG_ENABLE_OBJC_ARC = YES;
				CLANG_ENABLE_OBJC_WEAK = YES;
				CLANG_WARN_BLOCK_CAPTURE_AUTORELEASING = YES;
				CLANG_WARN_BOOL_CONVERSION = YES;
				CLANG_WARN_COMMA = YES;
				CLANG_WARN_CONSTANT_CONVERSION = YES;
				CLANG_WARN_DEPRECATED_OBJC_IMPLEMENTATIONS = YES;
				CLANG_WARN_DIRECT_OBJC_ISA_USAGE = YES_ERROR;
				CLANG_WARN_DOCUMENTATION_COMMENTS = YES;
				CLANG_WARN_EMPTY_BODY = YES;
				CLANG_WARN_ENUM_CONVERSION = YES;
				CLANG_WARN_INFINITE_RECURSION = YES;
				CLANG_WARN_INT_CONVERSION = YES;
				CLANG_WARN_NON_LITERAL_NULL_CONVERSION = YES;
				CLANG_WARN_OBJC_IMPLICIT_RETAIN_SELF = YES;
				CLANG_WARN_OBJC_LITERAL_CONVERSION = YES;
				CLANG_WARN_OBJC_ROOT_CLASS = YES_ERROR;
				CLANG_WARN_QUOTED_INCLUDE_IN_FRAMEWORK_HEADER = YES;
				CLANG_WARN_RANGE_LOOP_ANALYSIS = YES;
				CLANG_WARN_STRICT_PROTOTYPES = YES;
				CLANG_WARN_SUSPICIOUS_MOVE = YES;
				CLANG_WARN_UNGUARDED_AVAILABILITY = YES_AGGRESSIVE;
				CLANG_WARN_UNREACHABLE_CODE = YES;
				CLANG_WARN__DUPLICATE_METHOD_MATCH = YES;
				COPY_PHASE_STRIP = NO;
				DEBUG_INFORMATION_FORMAT = "dwarf-with-dsym";
				ENABLE_NS_ASSERTIONS = NO;
				ENABLE_STRICT_OBJC_MSGSEND = YES;
				GCC_C_LANGUAGE_STANDARD = gnu11;
				GCC_NO_COMMON_BLOCKS = YES;
				GCC_WARN_64_TO_32_BIT_CONVERSION = YES;
				GCC_WARN_ABOUT_RETURN_TYPE = YES_ERROR;
				GCC_WARN_UNDECLARED_SELECTOR = YES;
				GCC_WARN_UNINITIALIZED_AUTOS = YES_AGGRESSIVE;
				GCC_WARN_UNUSED_FUNCTION = YES;
				GCC_WARN_UNUSED_VARIABLE = YES;
				IPHONEOS_DEPLOYMENT_TARGET = 16.0;
				MTL_ENABLE_DEBUG_INFO = NO;
				MTL_FAST_MATH = YES;
				SDKROOT = iphoneos;
				SWIFT_COMPILATION_MODE = wholemodule;
				SWIFT_OPTIMIZATION_LEVEL = "-O";
				VALIDATE_PRODUCT = YES;
			};
			name = Release;
		};
		82A39D7B2972E32C004F6267 /* Debug */ = {
			isa = XCBuildConfiguration;
			buildSettings = {
				"ADDITIONAL_SDKS[arch=*]" = "";
				ASSETCATALOG_COMPILER_APPICON_NAME = "AppIcon-light";
				ASSETCATALOG_COMPILER_GLOBAL_ACCENT_COLOR_NAME = AccentColor;
				ASSETCATALOG_COMPILER_INCLUDE_ALL_APPICON_ASSETS = NO;
				CODE_SIGN_STYLE = Automatic;
				CURRENT_PROJECT_VERSION = 1;
				DEVELOPMENT_ASSET_PATHS = "\"Lik/Preview Content\"";
				DEVELOPMENT_TEAM = N37DY79DRF;
				ENABLE_PREVIEWS = YES;
				GENERATE_INFOPLIST_FILE = YES;
				INFOPLIST_FILE = Lik/Info.plist;
				INFOPLIST_KEY_CFBundleDisplayName = "Лік";
				INFOPLIST_KEY_LSApplicationCategoryType = "public.app-category.food-and-drink";
				INFOPLIST_KEY_NSCameraUsageDescription = "App uses camera to scan text";
				INFOPLIST_KEY_UIApplicationSceneManifest_Generation = YES;
				INFOPLIST_KEY_UIApplicationSupportsIndirectInputEvents = YES;
				INFOPLIST_KEY_UILaunchScreen_Generation = YES;
				INFOPLIST_KEY_UISupportedInterfaceOrientations_iPad = "UIInterfaceOrientationPortrait UIInterfaceOrientationPortraitUpsideDown UIInterfaceOrientationLandscapeLeft UIInterfaceOrientationLandscapeRight";
				INFOPLIST_KEY_UISupportedInterfaceOrientations_iPhone = "UIInterfaceOrientationPortrait UIInterfaceOrientationLandscapeLeft UIInterfaceOrientationLandscapeRight";
				LD_RUNPATH_SEARCH_PATHS = (
					"$(inherited)",
					"@executable_path/Frameworks",
				);
				"LIBRARY_SEARCH_PATHS[sdk=iphoneos*]" = "";
				MARKETING_VERSION = 1.0;
				"OTHER_LDFLAGS[sdk=iphoneos*]" = "$(inherited)";
				PRODUCT_BUNDLE_IDENTIFIER = ua.vfil.Lik;
				PRODUCT_NAME = "$(TARGET_NAME)";
				"SDKROOT[arch=*]" = iphoneos;
				SWIFT_EMIT_LOC_STRINGS = YES;
				SWIFT_VERSION = 5.0;
				TARGETED_DEVICE_FAMILY = "1,2";
			};
			name = Debug;
		};
		82A39D7C2972E32C004F6267 /* Release */ = {
			isa = XCBuildConfiguration;
			buildSettings = {
				ASSETCATALOG_COMPILER_APPICON_NAME = "AppIcon-light";
				ASSETCATALOG_COMPILER_GLOBAL_ACCENT_COLOR_NAME = AccentColor;
				ASSETCATALOG_COMPILER_INCLUDE_ALL_APPICON_ASSETS = NO;
				CODE_SIGN_STYLE = Automatic;
				CURRENT_PROJECT_VERSION = 1;
				DEVELOPMENT_ASSET_PATHS = "\"Lik/Preview Content\"";
				DEVELOPMENT_TEAM = N37DY79DRF;
				ENABLE_PREVIEWS = YES;
				GENERATE_INFOPLIST_FILE = YES;
				INFOPLIST_FILE = Lik/Info.plist;
				INFOPLIST_KEY_CFBundleDisplayName = "Лік";
				INFOPLIST_KEY_LSApplicationCategoryType = "public.app-category.food-and-drink";
				INFOPLIST_KEY_NSCameraUsageDescription = "App uses camera to scan text";
				INFOPLIST_KEY_UIApplicationSceneManifest_Generation = YES;
				INFOPLIST_KEY_UIApplicationSupportsIndirectInputEvents = YES;
				INFOPLIST_KEY_UILaunchScreen_Generation = YES;
				INFOPLIST_KEY_UISupportedInterfaceOrientations_iPad = "UIInterfaceOrientationPortrait UIInterfaceOrientationPortraitUpsideDown UIInterfaceOrientationLandscapeLeft UIInterfaceOrientationLandscapeRight";
				INFOPLIST_KEY_UISupportedInterfaceOrientations_iPhone = "UIInterfaceOrientationPortrait UIInterfaceOrientationLandscapeLeft UIInterfaceOrientationLandscapeRight";
				LD_RUNPATH_SEARCH_PATHS = (
					"$(inherited)",
					"@executable_path/Frameworks",
				);
				MARKETING_VERSION = 1.0;
				PRODUCT_BUNDLE_IDENTIFIER = ua.vfil.Lik;
				PRODUCT_NAME = "$(TARGET_NAME)";
				SWIFT_EMIT_LOC_STRINGS = YES;
				SWIFT_VERSION = 5.0;
				TARGETED_DEVICE_FAMILY = "1,2";
			};
			name = Release;
		};
/* End XCBuildConfiguration section */

/* Begin XCConfigurationList section */
		82A39D512972E327004F6267 /* Build configuration list for PBXProject "Lik" */ = {
			isa = XCConfigurationList;
			buildConfigurations = (
				82A39D782972E32C004F6267 /* Debug */,
				82A39D792972E32C004F6267 /* Release */,
			);
			defaultConfigurationIsVisible = 0;
			defaultConfigurationName = Debug;
		};
		82A39D7A2972E32C004F6267 /* Build configuration list for PBXNativeTarget "Lik" */ = {
			isa = XCConfigurationList;
			buildConfigurations = (
				82A39D7B2972E32C004F6267 /* Debug */,
				82A39D7C2972E32C004F6267 /* Release */,
			);
			defaultConfigurationIsVisible = 0;
			defaultConfigurationName = Debug;
		};
/* End XCConfigurationList section */

/* Begin XCRemoteSwiftPackageReference section */
		82155AC029903E95004BCF8E /* XCRemoteSwiftPackageReference "swift-parsing" */ = {
			isa = XCRemoteSwiftPackageReference;
			repositoryURL = "https://github.com/pointfreeco/swift-parsing";
			requirement = {
				kind = upToNextMajorVersion;
				minimumVersion = 0.11.0;
			};
		};
/* End XCRemoteSwiftPackageReference section */

/* Begin XCSwiftPackageProductDependency section */
		82155AC129903E95004BCF8E /* Parsing */ = {
			isa = XCSwiftPackageProductDependency;
			package = 82155AC029903E95004BCF8E /* XCRemoteSwiftPackageReference "swift-parsing" */;
			productName = Parsing;
		};
		826CD7412A1BD98100413306 /* LikVision */ = {
			isa = XCSwiftPackageProductDependency;
			productName = LikVision;
		};
/* End XCSwiftPackageProductDependency section */
	};
	rootObject = 82A39D4E2972E327004F6267 /* Project object */;
}
